
Microsoft Visual Studio Solution File, Format Version 12.00
# Visual Studio Version 16
VisualStudioVersion = 16.0.29911.84
MinimumVisualStudioVersion = 10.0.40219.1
Project("{8BC9CEB8-8B4A-11D0-8D11-00A0C91BC942}") = "W12_P3", "W12_P3\W12_P3.vcxproj", "{532BC17D-C6AF-460E-9B18-97ADBCB2F16D}"
EndProject
Global
	GlobalSection(SolutionConfigurationPlatforms) = preSolution
		Debug|x64 = Debug|x64
		Debug|x86 = Debug|x86
		Release|x64 = Release|x64
		Release|x86 = Release|x86
	EndGlobalSection
	GlobalSection(ProjectConfigurationPlatforms) = postSolution
		{532BC17D-C6AF-460E-9B18-97ADBCB2F16D}.Debug|x64.ActiveCfg = Debug|x64
		{532BC17D-C6AF-460E-9B18-97ADBCB2F16D}.Debug|x64.Build.0 = Debug|x64
		{532BC17D-C6AF-460E-9B18-97ADBCB2F16D}.Debug|x86.ActiveCfg = Debug|Win32
		{532BC17D-C6AF-460E-9B18-97ADBCB2F16D}.Debug|x86.Build.0 = Debug|Win32
		{532BC17D-C6AF-460E-9B18-97ADBCB2F16D}.Release|x64.ActiveCfg = Release|x64
		{532BC17D-C6AF-460E-9B18-97ADBCB2F16D}.Release|x64.Build.0 = Release|x64
		{532BC17D-C6AF-460E-9B18-97ADBCB2F16D}.Release|x86.ActiveCfg = Release|Win32
		{532BC17D-C6AF-460E-9B18-97ADBCB2F16D}.Release|x86.Build.0 = Release|Win32
	EndGlobalSection
	GlobalSection(SolutionProperties) = preSolution
		HideSolutionNode = FALSE
	EndGlobalSection
	GlobalSection(ExtensibilityGlobals) = postSolution
		SolutionGuid = {7343676A-030D-406B-83D5-1E88371BA54F}
	EndGlobalSection
EndGlobal
